
Microsoft Visual Studio Solution File, Format Version 12.00
# Visual Studio 15
VisualStudioVersion = 15.0.28307.329
MinimumVisualStudioVersion = 10.0.40219.1
Project("{FAE04EC0-301F-11D3-BF4B-00C04F79EFBC}") = "ProjectConsole", "ConsoleApp1\ProjectConsole.csproj", "{EDC18257-0C91-4065-BD91-283A14EC68CF}"
EndProject
Global
	GlobalSection(SolutionConfigurationPlatforms) = preSolution
		Debug|Any CPU = Debug|Any CPU
		Release|Any CPU = Release|Any CPU
	EndGlobalSection
	GlobalSection(ProjectConfigurationPlatforms) = postSolution
		{EDC18257-0C91-4065-BD91-283A14EC68CF}.Debug|Any CPU.ActiveCfg = Debug|Any CPU
		{EDC18257-0C91-4065-BD91-283A14EC68CF}.Debug|Any CPU.Build.0 = Debug|Any CPU
		{EDC18257-0C91-4065-BD91-283A14EC68CF}.Release|Any CPU.ActiveCfg = Release|Any CPU
		{EDC18257-0C91-4065-BD91-283A14EC68CF}.Release|Any CPU.Build.0 = Release|Any CPU
	EndGlobalSection
	GlobalSection(SolutionProperties) = preSolution
		HideSolutionNode = FALSE
	EndGlobalSection
	GlobalSection(ExtensibilityGlobals) = postSolution
		SolutionGuid = {F8711558-EA68-437D-B6E2-D8F10A421F08}
	EndGlobalSection
EndGlobal
